version = 1
revision = 2
requires-python = ">=3.11"

[[package]]
name = "async-timeout"
version = "5.0.1"
source = { registry = "https://pypi.org/simple" }
sdist = { url = "https://files.pythonhosted.org/packages/a5/ae/136395dfbfe00dfc94da3f3e136d0b13f394cba8f4841120e34226265780/async_timeout-5.0.1.tar.gz", hash = "sha256:d9321a7a3d5a6a5e187e824d2fa0793ce379a202935782d555d6e9d2735677d3", size = 9274, upload-time = "2024-11-06T16:41:39.6Z" }
wheels = [
    { url = "https://files.pythonhosted.org/packages/fe/ba/e2081de779ca30d473f21f5b30e0e737c438205440784c7dfc81efc2b029/async_timeout-5.0.1-py3-none-any.whl", hash = "sha256:39e3809566ff85354557ec2398b55e096c8364bacac9405a7a1fa429e77fe76c", size = 6233, upload-time = "2024-11-06T16:41:37.9Z" },
]

[[package]]
name = "clamd"
version = "1.0.2"
source = { registry = "https://pypi.org/simple" }
sdist = { url = "https://files.pythonhosted.org/packages/14/8b/55332f1f79f28a5ccc50f66364087e64fae8e4ed62e52007ca82b3072221/clamd-1.0.2.tar.gz", hash = "sha256:d82a2fd814684a35a1b31feadafb2e69c8ebde9403613f6bdaa5d877c0f29560", size = 8218, upload-time = "2014-08-21T14:58:18.562Z" }
wheels = [
    { url = "https://files.pythonhosted.org/packages/3d/d0/84614de2a53ad52370adc9f9260bea420e53e0c228a248ec0eacfa65ccbb/clamd-1.0.2-py2.py3-none-any.whl", hash = "sha256:5c32546b7d1eb00fd6be00a889d79e00fbf980ed082826ccfa369bce3dcff5e7", size = 6684, upload-time = "2014-08-21T14:58:22.946Z" },
]

[[package]]
name = "click"
version = "8.3.1"
source = { registry = "https://pypi.org/simple" }
dependencies = [
    { name = "colorama", marker = "sys_platform == 'win32'" },
]
sdist = { url = "https://files.pythonhosted.org/packages/3d/fa/656b739db8587d7b5dfa22e22ed02566950fbfbcdc20311993483657a5c0/click-8.3.1.tar.gz", hash = "sha256:12ff4785d337a1bb490bb7e9c2b1ee5da3112e94a8622f26a6c77f5d2fc6842a", size = 295065, upload-time = "2025-11-15T20:45:42.706Z" }
wheels = [
    { url = "https://files.pythonhosted.org/packages/98/78/01c019cdb5d6498122777c1a43056ebb3ebfeef2076d9d026bfe15583b2b/click-8.3.1-py3-none-any.whl", hash = "sha256:981153a64e25f12d547d3426c367a4857371575ee7ad18df2a6183ab0545b2a6", size = 108274, upload-time = "2025-11-15T20:45:41.139Z" },
]

[[package]]
name = "colorama"
version = "0.4.6"
source = { registry = "https://pypi.org/simple" }
sdist = { url = "https://files.pythonhosted.org/packages/d8/53/6f443c9a4a8358a93a6792e2acffb9d9d5cb0a5cfd8802644b7b1c9a02e4/colorama-0.4.6.tar.gz", hash = "sha256:08695f5cb7ed6e0531a20572697297273c47b8cae5a63ffc6d6ed5c201be6e44", size = 27697, upload-time = "2022-10-25T02:36:22.414Z" }
wheels = [
    { url = "https://files.pythonhosted.org/packages/d1/d6/3965ed04c63042e047cb6a3e6ed1a63a35087b6a609aa3a15ed8ac56c221/colorama-0.4.6-py2.py3-none-any.whl", hash = "sha256:4f1d9991f5acc0ca119f9d443620b77f9d6b33703e51011c16baf57afb285fc6", size = 25335, upload-time = "2022-10-25T02:36:20.889Z" },
]

[[package]]
name = "dependency-injector"
version = "4.48.3"
source = { registry = "https://pypi.org/simple" }
dependencies = [
    { name = "typing-extensions", marker = "python_full_version < '3.13'" },
]
sdist = { url = "https://files.pythonhosted.org/packages/9d/14/4f7b2d24d3ad50ac399262636cdf4b66b9318bfd0e9de5c61669625dc77c/dependency_injector-4.48.3.tar.gz", hash = "sha256:106e43a6a9959b2c49926edc45bdf07fdc377bc5fa1fd59012741590df30b20c", size = 1129251, upload-time = "2025-12-04T18:43:55.751Z" }
wheels = [
    { url = "https://files.pythonhosted.org/packages/b8/d1/bebb2921e1cfdeba992e57c62bcd871f4703fde852b1d64ceb0dd65540ee/dependency_injector-4.48.3-cp310-abi3-macosx_11_0_arm64.whl", hash = "sha256:37d5b962d9ba67f6536557dec3c83136cefd7a747bbe8ba53b158e34e050bae5", size = 1746065, upload-time = "2025-12-04T18:43:06.655Z" },
    { url = "https://files.pythonhosted.org/packages/c3/da/068f23d12b55cda6e2d5e7783d1b602aa40f0889f35cf182ecfa1b12f7b8/dependency_injector-4.48.3-cp310-abi3-manylinux1_x86_64.manylinux_2_28_x86_64.manylinux_2_5_x86_64.whl", hash = "sha256:54aa2b8b8ff057555ab03ee98035eb41120d30f8ec220cf43aa3b117f6b9b1b1", size = 1829780, upload-time = "2025-12-04T18:43:08.497Z" },
    { url = "https://files.pythonhosted.org/packages/e4/7f/7d5f16a87d6cc4111be41c8593ae6b98ebcdf0dc797c6e08e303ce6155b7/dependency_injector-4.48.3-cp310-abi3-manylinux2014_aarch64.manylinux_2_17_aarch64.manylinux_2_28_aarch64.whl", hash = "sha256:6a1f8d5b7dcf24773c27ddb9beab043753d8e251804f2398468944b93c767a35", size = 1741838, upload-time = "2025-12-04T18:43:10.072Z" },
    { url = "https://files.pythonhosted.org/packages/ea/1d/251c79858c9ebf53c6d8b51c9a653c794db0392070ab5a8f3f4a298a8b26/dependency_injector-4.48.3-cp310-abi3-musllinux_1_2_aarch64.whl", hash = "sha256:7ed11a944f5c84a5ad3f15bc9154f07affae2902967b4e47c74504d4595ed92f", size = 1726565, upload-time = "2025-12-04T18:43:11.892Z" },
    { url = "https://files.pythonhosted.org/packages/45/92/023bd0b72baf170368323412a911fe31fd1c5cccbd4d399744bdec21cecd/dependency_injector-4.48.3-cp310-abi3-musllinux_1_2_x86_64.whl", hash = "sha256:00c7ad5b5b5f9b1616c363770eed8c629a42dd0155b398c4458c949b8c0b9ae0", size = 1820764, upload-time = "2025-12-04T18:43:13.765Z" },
    { url = "https://files.pythonhosted.org/packages/ef/ae/0f6c65c6f67be9a7bcc18546ad08610b1cb294cef0da3d16502a1b336246/dependency_injector-4.48.3-cp310-abi3-win32.whl", hash = "sha256:2870a3b84ddb2e4b13731b7250b7714f0d4a07f6147a181b3ecbceed061b74f2", size = 1527160, upload-time = "2025-12-04T18:43:15.534Z" },
    { url = "https://files.pythonhosted.org/packages/ae/74/51e8d051d55ae3b88fb0d94356cc9998e070a8b0cf6c93ef8456b8d05c01/dependency_injector-4.48.3-cp310-abi3-win_amd64.whl", hash = "sha256:d0e6244b3674a48ee2c5b0af29bf20d2b0b5baef806dd1739af9aab9d20f08de", size = 1655409, upload-time = "2025-12-04T18:43:16.901Z" },
    { url = "https://files.pythonhosted.org/packages/34/86/c70e6a1d6c42d03c950f6ddc69e5793e65ac1d048268977c1b7d05c8bf4a/dependency_injector-4.48.3-pp311-pypy311_pp73-macosx_11_0_arm64.whl", hash = "sha256:adb2a57deeb9d02b6981c1ba10a9a3b60fc2743ac2f7010f02abd579572368fe", size = 1724165, upload-time = "2025-12-04T18:43:49.121Z" },
    { url = "https://files.pythonhosted.org/packages/5e/5c/5b556613377eaf76f5e733305dff2f96c70e50fab422eb899a2b3146ee22/dependency_injector-4.48.3-pp311-pypy311_pp73-manylinux1_x86_64.manylinux_2_28_x86_64.manylinux_2_5_x86_64.whl", hash = "sha256:8f74f415de9e5683d2cf919e0e384aae09cb3c1c042a5c4a63e8759fd4467395", size = 1799052, upload-time = "2025-12-04T18:43:50.768Z" },
    { url = "https://files.pythonhosted.org/packages/cd/84/f8e6cf184512d022f4643ff00d5c56dae34abc6694642369fe26e59f4e96/dependency_injector-4.48.3-pp311-pypy311_pp73-manylinux2014_aarch64.manylinux_2_17_aarch64.manylinux_2_28_aarch64.whl", hash = "sha256:d2b390b65fde7694f61cc58084f3ed084e0739142fff192e68d54adde7f5a85e", size = 1719290, upload-time = "2025-12-04T18:43:52.534Z" },
    { url = "https://files.pythonhosted.org/packages/09/db/586f8a097eb6acd05836eb00cdeed027e1cad660c682bf9980586e35912e/dependency_injector-4.48.3-pp311-pypy311_pp73-win_amd64.whl", hash = "sha256:6e85aa3c0e70741cdff3e3f9cfe157663e10ab5e2cc88b129f93694bf7401ccc", size = 1632480, upload-time = "2025-12-04T18:43:54.22Z" },
]

[[package]]
name = "redis"
version = "7.1.0"
source = { registry = "https://pypi.org/simple" }
dependencies = [
    { name = "async-timeout", marker = "python_full_version < '3.11.3'" },
]
sdist = { url = "https://files.pythonhosted.org/packages/43/c8/983d5c6579a411d8a99bc5823cc5712768859b5ce2c8afe1a65b37832c81/redis-7.1.0.tar.gz", hash = "sha256:b1cc3cfa5a2cb9c2ab3ba700864fb0ad75617b41f01352ce5779dabf6d5f9c3c", size = 4796669, upload-time = "2025-11-19T15:54:39.961Z" }
wheels = [
    { url = "https://files.pythonhosted.org/packages/89/f0/8956f8a86b20d7bb9d6ac0187cf4cd54d8065bc9a1a09eb8011d4d326596/redis-7.1.0-py3-none-any.whl", hash = "sha256:23c52b208f92b56103e17c5d06bdc1a6c2c0b3106583985a76a18f83b265de2b", size = 354159, upload-time = "2025-11-19T15:54:38.064Z" },
]

[[package]]
name = "typing-extensions"
version = "4.15.0"
source = { registry = "https://pypi.org/simple" }
sdist = { url = "https://files.pythonhosted.org/packages/72/94/1a15dd82efb362ac84269196e94cf00f187f7ed21c242792a923cdb1c61f/typing_extensions-4.15.0.tar.gz", hash = "sha256:0cea48d173cc12fa28ecabc3b837ea3cf6f38c6d1136f85cbaaf598984861466", size = 109391, upload-time = "2025-08-25T13:49:26.313Z" }
wheels = [
    { url = "https://files.pythonhosted.org/packages/18/67/36e9267722cc04a6b9f15c7f3441c2363321a3ea07da7ae0c0707beb2a9c/typing_extensions-4.15.0-py3-none-any.whl", hash = "sha256:f0fa19c6845758ab08074a0cfa8b7aecb71c999ca73d62883bc25cc018c4e548", size = 44614, upload-time = "2025-08-25T13:49:24.86Z" },
]

[[package]]
name = "virus-scanner-image"
version = "0.1.0"
source = { editable = "." }
dependencies = [
    { name = "clamd" },
    { name = "click" },
    { name = "dependency-injector" },
    { name = "redis" },
]

[package.metadata]
requires-dist = [
    { name = "clamd", specifier = ">=1.0.2" },
    { name = "click", specifier = ">=8.3.1" },
    { name = "dependency-injector", specifier = ">=4.48.3" },
    { name = "redis", specifier = ">=7.1.0" },
]
